
Microsoft Visual Studio Solution File, Format Version 12.00
# Visual Studio Version 17
VisualStudioVersion = 17.1.32210.238
MinimumVisualStudioVersion = 10.0.40219.1
Project("{FAE04EC0-301F-11D3-BF4B-00C04F79EFBC}") = "Anagrafica_Classi-Studenti", "Anagrafica_Classi-Studenti\Anagrafica_Classi-Studenti.csproj", "{96E84070-5E20-42C8-B1CA-74B114353D7E}"
EndProject
Global
	GlobalSection(SolutionConfigurationPlatforms) = preSolution
		Debug|Any CPU = Debug|Any CPU
		Release|Any CPU = Release|Any CPU
	EndGlobalSection
	GlobalSection(ProjectConfigurationPlatforms) = postSolution
		{96E84070-5E20-42C8-B1CA-74B114353D7E}.Debug|Any CPU.ActiveCfg = Debug|Any CPU
		{96E84070-5E20-42C8-B1CA-74B114353D7E}.Debug|Any CPU.Build.0 = Debug|Any CPU
		{96E84070-5E20-42C8-B1CA-74B114353D7E}.Release|Any CPU.ActiveCfg = Release|Any CPU
		{96E84070-5E20-42C8-B1CA-74B114353D7E}.Release|Any CPU.Build.0 = Release|Any CPU
	EndGlobalSection
	GlobalSection(SolutionProperties) = preSolution
		HideSolutionNode = FALSE
	EndGlobalSection
	GlobalSection(ExtensibilityGlobals) = postSolution
		SolutionGuid = {3174667F-7CCB-47A0-9022-274F016C1BA2}
	EndGlobalSection
EndGlobal
